
Microsoft Visual Studio Solution File, Format Version 12.00
# Visual Studio Version 17
VisualStudioVersion = 17.1.32421.90
MinimumVisualStudioVersion = 10.0.40219.1
Project("{9A19103F-16F7-4668-BE54-9A1E7A4F7556}") = "GCH.Core", "GCH.Core\GCH.Core.csproj", "{B8F19D9C-458B-40D5-8E81-FD4525E2BE85}"
EndProject
Project("{9A19103F-16F7-4668-BE54-9A1E7A4F7556}") = "GCH.Resources", "GCH.Resources\GCH.Resources.csproj", "{E70268C1-9164-4534-AA4A-47CBB3271EEF}"
EndProject
Project("{9A19103F-16F7-4668-BE54-9A1E7A4F7556}") = "GCH.TelegramTriggerFunction", "GCH.TelegramTriggerFunction\GCH.TelegramTriggerFunction.csproj", "{44DFF9AF-50F1-4F7B-B2B9-C97F5AA8EF95}"
EndProject
Project("{9A19103F-16F7-4668-BE54-9A1E7A4F7556}") = "GCH.Infrastructure", "GCH.Infrastructure\GCH.Infrastructure.csproj", "{4571401B-2805-4FDB-8BAD-0356187E648D}"
EndProject
Project("{FAE04EC0-301F-11D3-BF4B-00C04F79EFBC}") = "GCH.Core.Tests", "GCH.Core.Tests\GCH.Core.Tests.csproj", "{69D1B316-7D45-4B20-A17F-FCF32C537D34}"
EndProject
Global
	GlobalSection(SolutionConfigurationPlatforms) = preSolution
		Debug|Any CPU = Debug|Any CPU
		Release|Any CPU = Release|Any CPU
	EndGlobalSection
	GlobalSection(ProjectConfigurationPlatforms) = postSolution
		{B8F19D9C-458B-40D5-8E81-FD4525E2BE85}.Debug|Any CPU.ActiveCfg = Debug|Any CPU
		{B8F19D9C-458B-40D5-8E81-FD4525E2BE85}.Debug|Any CPU.Build.0 = Debug|Any CPU
		{B8F19D9C-458B-40D5-8E81-FD4525E2BE85}.Release|Any CPU.ActiveCfg = Release|Any CPU
		{B8F19D9C-458B-40D5-8E81-FD4525E2BE85}.Release|Any CPU.Build.0 = Release|Any CPU
		{E70268C1-9164-4534-AA4A-47CBB3271EEF}.Debug|Any CPU.ActiveCfg = Debug|Any CPU
		{E70268C1-9164-4534-AA4A-47CBB3271EEF}.Debug|Any CPU.Build.0 = Debug|Any CPU
		{E70268C1-9164-4534-AA4A-47CBB3271EEF}.Release|Any CPU.ActiveCfg = Release|Any CPU
		{E70268C1-9164-4534-AA4A-47CBB3271EEF}.Release|Any CPU.Build.0 = Release|Any CPU
		{44DFF9AF-50F1-4F7B-B2B9-C97F5AA8EF95}.Debug|Any CPU.ActiveCfg = Debug|Any CPU
		{44DFF9AF-50F1-4F7B-B2B9-C97F5AA8EF95}.Debug|Any CPU.Build.0 = Debug|Any CPU
		{44DFF9AF-50F1-4F7B-B2B9-C97F5AA8EF95}.Release|Any CPU.ActiveCfg = Release|Any CPU
		{44DFF9AF-50F1-4F7B-B2B9-C97F5AA8EF95}.Release|Any CPU.Build.0 = Release|Any CPU
		{4571401B-2805-4FDB-8BAD-0356187E648D}.Debug|Any CPU.ActiveCfg = Debug|Any CPU
		{4571401B-2805-4FDB-8BAD-0356187E648D}.Debug|Any CPU.Build.0 = Debug|Any CPU
		{4571401B-2805-4FDB-8BAD-0356187E648D}.Release|Any CPU.ActiveCfg = Release|Any CPU
		{4571401B-2805-4FDB-8BAD-0356187E648D}.Release|Any CPU.Build.0 = Release|Any CPU
		{69D1B316-7D45-4B20-A17F-FCF32C537D34}.Debug|Any CPU.ActiveCfg = Debug|Any CPU
		{69D1B316-7D45-4B20-A17F-FCF32C537D34}.Debug|Any CPU.Build.0 = Debug|Any CPU
		{69D1B316-7D45-4B20-A17F-FCF32C537D34}.Release|Any CPU.ActiveCfg = Release|Any CPU
		{69D1B316-7D45-4B20-A17F-FCF32C537D34}.Release|Any CPU.Build.0 = Release|Any CPU
	EndGlobalSection
	GlobalSection(SolutionProperties) = preSolution
		HideSolutionNode = FALSE
	EndGlobalSection
	GlobalSection(ExtensibilityGlobals) = postSolution
		SolutionGuid = {E3EAC2B5-649D-4C25-9411-757196268AEB}
	EndGlobalSection
EndGlobal
